{
  "name": "uiowa-md-dos-elearning",
  "version": "0.1.0",
  "lockfileVersion": 1,
  "requires": true,
  "dependencies": {
    "iframe-resizer": {
      "version": "4.0.4",
      "resolved": "https://registry.npmjs.org/iframe-resizer/-/iframe-resizer-4.0.4.tgz",
      "integrity": "sha512-02+nZ1kBzTFjLqaM24zgqM6GQ9KUzOA55T0y9sn/Le7oe2xQ2mASXAyoELZmbbWdWKG+bkzcmIpRi8j1fJ5AcA=="
    }
  }
}
